#MicroXplorer Configuration settings - do not modify
ADC1.Channel-0\#ChannelRegularConversion=ADC_CHANNEL_0
ADC1.IPParameters=Rank-0\#ChannelRegularConversion,Channel-0\#ChannelRegularConversion,SamplingTime-0\#ChannelRegularConversion,NbrOfConversionFlag,master
ADC1.NbrOfConversionFlag=1
ADC1.Rank-0\#ChannelRegularConversion=1
ADC1.SamplingTime-0\#ChannelRegularConversion=ADC_SAMPLETIME_1CYCLE_5
ADC1.master=1
CAN.CalculateTimeQuantum=444.44444444444446
CAN.IPParameters=CalculateTimeQuantum
File.Version=6
KeepUserPlacement=false
Mcu.Family=STM32F3
Mcu.IP0=ADC1
Mcu.IP1=CAN
Mcu.IP10=TIM3
Mcu.IP11=TIM5
Mcu.IP12=TIM12
Mcu.IP13=USART1
Mcu.IP14=USART2
Mcu.IP15=USART3
Mcu.IP16=USB
Mcu.IP17=USB_DEVICE
Mcu.IP2=I2C1
Mcu.IP3=I2C2
Mcu.IP4=NVIC
Mcu.IP5=RCC
Mcu.IP6=SDADC1
Mcu.IP7=SPI2
Mcu.IP8=SYS
Mcu.IP9=TIM2
Mcu.IPNb=18
Mcu.Name=STM32F373R(8-B-C)Tx
Mcu.Package=LQFP64
Mcu.Pin0=PC13
Mcu.Pin1=PC14-OSC32_IN
Mcu.Pin10=PA1
Mcu.Pin11=PA2
Mcu.Pin12=PA3
Mcu.Pin13=PA5
Mcu.Pin14=PA6
Mcu.Pin15=PA7
Mcu.Pin16=PC4
Mcu.Pin17=PC5
Mcu.Pin18=PB0
Mcu.Pin19=PB1
Mcu.Pin2=PC15-OSC32_OUT
Mcu.Pin20=PB2
Mcu.Pin21=PE8
Mcu.Pin22=PE9
Mcu.Pin23=PB14
Mcu.Pin24=PB15
Mcu.Pin25=PD8
Mcu.Pin26=PC7
Mcu.Pin27=PA8
Mcu.Pin28=PA9
Mcu.Pin29=PA10
Mcu.Pin3=PF0-OSC_IN
Mcu.Pin30=PA11
Mcu.Pin31=PA12
Mcu.Pin32=PA13
Mcu.Pin33=PF6
Mcu.Pin34=PF7
Mcu.Pin35=PA14
Mcu.Pin36=PA15
Mcu.Pin37=PC10
Mcu.Pin38=PC11
Mcu.Pin39=PC12
Mcu.Pin4=PF1-OSC_OUT
Mcu.Pin40=PD2
Mcu.Pin41=PB3
Mcu.Pin42=PB4
Mcu.Pin43=PB6
Mcu.Pin44=PB7
Mcu.Pin45=PB8
Mcu.Pin46=PB9
Mcu.Pin47=VP_SDADC1_CONF0
Mcu.Pin48=VP_SYS_VS_Systick
Mcu.Pin49=VP_TIM2_VS_ClockSourceINT
Mcu.Pin5=PC0
Mcu.Pin50=VP_TIM5_VS_ClockSourceINT
Mcu.Pin51=VP_USB_DEVICE_VS_USB_DEVICE_CDC_FS
Mcu.Pin6=PC1
Mcu.Pin7=PC2
Mcu.Pin8=PC3
Mcu.Pin9=PA0
Mcu.PinsNb=52
Mcu.ThirdPartyNb=0
Mcu.UserConstants=
Mcu.UserName=STM32F373RCTx
MxCube.Version=5.4.0
MxDb.Version=DB.5.0.40
NVIC.BusFault_IRQn=true\:0\:0\:false\:false\:true\:false\:false
NVIC.DebugMonitor_IRQn=true\:0\:0\:false\:false\:true\:false\:false
NVIC.ForceEnableDMAVector=true
NVIC.HardFault_IRQn=true\:0\:0\:false\:false\:true\:false\:false
NVIC.MemoryManagement_IRQn=true\:0\:0\:false\:false\:true\:false\:false
NVIC.NonMaskableInt_IRQn=true\:0\:0\:false\:false\:true\:false\:false
NVIC.PendSV_IRQn=true\:0\:0\:false\:false\:true\:false\:false
NVIC.PriorityGroup=NVIC_PRIORITYGROUP_4
NVIC.SVCall_IRQn=true\:0\:0\:false\:false\:true\:false\:false
NVIC.SysTick_IRQn=true\:0\:0\:false\:false\:true\:false\:true
NVIC.USB_LP_IRQn=true\:0\:0\:false\:false\:true\:false\:true
NVIC.UsageFault_IRQn=true\:0\:0\:false\:false\:true\:false\:false
PA0.GPIOParameters=GPIO_Label
PA0.GPIO_Label=BATT_VOLT
PA0.Mode=IN0
PA0.Signal=ADC1_IN0
PA1.GPIOParameters=GPIO_Label
PA1.GPIO_Label=PWM2
PA1.Signal=S_TIM2_CH2
PA10.GPIOParameters=GPIO_Label
PA10.GPIO_Label=EXT_I2C_SDA
PA10.Mode=I2C
PA10.Signal=I2C2_SDA
PA11.Mode=Device
PA11.Signal=USB_DM
PA12.Mode=Device
PA12.Signal=USB_DP
PA13.Locked=true
PA13.Signal=SYS_JTMS-SWDIO
PA14.Locked=true
PA14.Signal=SYS_JTCK-SWCLK
PA15.GPIOParameters=GPIO_Label
PA15.GPIO_Label=ESP_IN_INTERRUPT
PA15.Locked=true
PA15.Signal=GPXTI15
PA2.GPIOParameters=GPIO_Label
PA2.GPIO_Label=PWM3
PA2.Signal=S_TIM2_CH3
PA3.GPIOParameters=GPIO_Label
PA3.GPIO_Label=PWM4
PA3.Signal=S_TIM2_CH4
PA5.GPIOParameters=GPIO_Label
PA5.GPIO_Label=PWM1
PA5.Signal=S_TIM2_CH1_ETR
PA6.GPIOParameters=GPIO_Label
PA6.GPIO_Label=ENCODER_A
PA6.Locked=true
PA6.Signal=S_TIM3_CH1
PA7.GPIOParameters=GPIO_Label
PA7.GPIO_Label=ENCODER_B
PA7.Signal=S_TIM3_CH2
PA8.GPIOParameters=GPIO_Label
PA8.GPIO_Label=USR_BTN2
PA8.Locked=true
PA8.Signal=GPIO_Input
PA9.GPIOParameters=GPIO_Label
PA9.GPIO_Label=EXT_I2C_SCL
PA9.Locked=true
PA9.Mode=I2C
PA9.Signal=I2C2_SCL
PB0.GPIOParameters=GPIO_Label
PB0.GPIO_Label=ANALOG2
PB0.Mode=IN6-Single-Ended
PB0.Signal=SDADC1_AIN6P
PB1.GPIOParameters=GPIO_Label
PB1.GPIO_Label=ANALOG1
PB1.Mode=IN5-Single-Ended
PB1.Signal=SDADC1_AIN5P
PB14.GPIOParameters=GPIO_Label
PB14.GPIO_Label=AV_SWITCHER
PB14.Locked=true
PB14.Signal=S_TIM12_CH1
PB15.GPIOParameters=GPIO_Label
PB15.GPIO_Label=SPI_MOSI
PB15.Locked=true
PB15.Mode=TX_Only_Simplex_Unidirect_Master
PB15.Signal=SPI2_MOSI
PB2.GPIOParameters=GPIO_Label
PB2.GPIO_Label=HALL_EFFECT
PB2.Mode=IN4-Single-Ended
PB2.Signal=SDADC1_AIN4P
PB3.GPIOParameters=GPIO_Label
PB3.GPIO_Label=DRIVE_UART_TX
PB3.Locked=true
PB3.Mode=Asynchronous
PB3.Signal=USART2_TX
PB4.GPIOParameters=GPIO_Label
PB4.GPIO_Label=DRIVE_UART_RX
PB4.Locked=true
PB4.Mode=Asynchronous
PB4.Signal=USART2_RX
PB6.GPIOParameters=GPIO_Label
PB6.GPIO_Label=INT_I2C_SCL
PB6.Locked=true
PB6.Mode=I2C
PB6.Signal=I2C1_SCL
PB7.GPIOParameters=GPIO_Label
PB7.GPIO_Label=INT_I2C_SDA
PB7.Locked=true
PB7.Mode=I2C
PB7.Signal=I2C1_SDA
PB8.Mode=Master
PB8.Signal=CAN_RX
PB9.Mode=Master
PB9.Signal=CAN_TX
PC0.GPIOParameters=GPIO_Label
PC0.GPIO_Label=PWM5
PC0.Signal=S_TIM5_CH1_ETR
PC1.GPIOParameters=GPIO_Label
PC1.GPIO_Label=PWM6
PC1.Signal=S_TIM5_CH2
PC10.GPIOParameters=GPIO_Label
PC10.GPIO_Label=ESP_TX
PC10.Locked=true
PC10.Mode=Asynchronous
PC10.Signal=USART3_TX
PC11.GPIOParameters=GPIO_Label
PC11.GPIO_Label=ESP_RX
PC11.Mode=Asynchronous
PC11.Signal=USART3_RX
PC12.GPIOParameters=GPIO_Label
PC12.GPIO_Label=ESP_OUT_INTERRUPT
PC12.Locked=true
PC12.Signal=GPIO_Output
PC13.GPIOParameters=GPIO_Label
PC13.GPIO_Label=FL_nCS
PC13.Locked=true
PC13.Signal=GPIO_Output
PC14-OSC32_IN.Locked=true
PC14-OSC32_IN.Signal=GPIO_Output
PC15-OSC32_OUT.GPIOParameters=GPIO_Label
PC15-OSC32_OUT.GPIO_Label=FR_nCS
PC15-OSC32_OUT.Locked=true
PC15-OSC32_OUT.Signal=GPIO_Output
PC2.GPIOParameters=GPIO_Label
PC2.GPIO_Label=PWM7
PC2.Signal=S_TIM5_CH3
PC3.GPIOParameters=GPIO_Label
PC3.GPIO_Label=PWM8
PC3.Signal=S_TIM5_CH4
PC4.GPIOParameters=GPIO_Label
PC4.GPIO_Label=SERVO_TX
PC4.Mode=Half_duplex(single_wire_mode)
PC4.Signal=USART1_TX
PC5.GPIOParameters=GPIO_Label
PC5.GPIO_Label=SERVO_RX_SPARE
PC5.Locked=true
PC5.Signal=GPIO_Analog
PC7.Locked=true
PC7.Signal=GPIO_Input
PCC.Checker=false
PCC.Line=STM32F373
PCC.MCU=STM32F373R(8-B-C)Tx
PCC.PartNumber=STM32F373RCTx
PCC.Seq0=0
PCC.Series=STM32F3
PCC.Temperature=25
PCC.Vdd=3.6
PD2.GPIOParameters=GPIO_Label
PD2.GPIO_Label=Buzzer
PD2.Locked=true
PD2.Signal=GPIO_Output
PD8.GPIOParameters=GPIO_Label
PD8.GPIO_Label=SPI_SCK
PD8.Locked=true
PD8.Mode=TX_Only_Simplex_Unidirect_Master
PD8.Signal=SPI2_SCK
PE8.GPIOParameters=GPIO_Label
PE8.GPIO_Label=ANALOG4
PE8.Mode=IN8-Single-Ended
PE8.Signal=SDADC1_AIN8P
PE9.GPIOParameters=GPIO_Label
PE9.GPIO_Label=ANALOG3
PE9.Mode=IN7-Single-Ended
PE9.Signal=SDADC1_AIN7P
PF0-OSC_IN.Mode=HSE-External-Clock-Source
PF0-OSC_IN.Signal=RCC_OSC_IN
PF1-OSC_OUT.GPIOParameters=GPIO_Label
PF1-OSC_OUT.GPIO_Label=BR_nCS
PF1-OSC_OUT.Locked=true
PF1-OSC_OUT.Signal=GPIO_Output
PF6.GPIOParameters=GPIO_Label
PF6.GPIO_Label=USB_DP_PULLUP
PF6.Locked=true
PF6.Signal=GPIO_Output
PF7.GPIOParameters=GPIO_Label
PF7.GPIO_Label=USB_DETECT
PF7.Locked=true
PF7.Signal=GPIO_Output
PinOutPanel.RotationAngle=0
ProjectManager.AskForMigrate=true
ProjectManager.BackupPrevious=false
ProjectManager.CompilerOptimize=6
ProjectManager.ComputerToolchain=false
ProjectManager.CoupleFile=false
ProjectManager.CustomerFirmwarePackage=
ProjectManager.DefaultFWLocation=true
ProjectManager.DeletePrevious=true
ProjectManager.DeviceId=STM32F373RCTx
ProjectManager.FirmwarePackage=STM32Cube FW_F3 V1.11.0
ProjectManager.FreePins=false
ProjectManager.HalAssertFull=false
ProjectManager.HeapSize=0x200
ProjectManager.KeepUserCode=true
ProjectManager.LastFirmware=true
ProjectManager.LibraryCopy=1
ProjectManager.MainLocation=Core/Src
ProjectManager.NoMain=false
ProjectManager.PreviousToolchain=
ProjectManager.ProjectBuild=false
ProjectManager.ProjectFileName=Controller.ioc
ProjectManager.ProjectName=Controller
ProjectManager.StackSize=0x400
ProjectManager.TargetToolchain=STM32CubeIDE
ProjectManager.ToolChainLocation=
ProjectManager.UnderRoot=true
ProjectManager.functionlistsort=1-SystemClock_Config-RCC-false-HAL-false,1-MX_GPIO_Init-GPIO-false-HAL-true,3-MX_CAN_Init-CAN-false-HAL-true,4-MX_I2C1_Init-I2C1-false-HAL-true,5-MX_I2C2_Init-I2C2-false-HAL-true,6-MX_SDADC1_Init-SDADC1-false-HAL-true,7-MX_SPI1_Init-SPI1-false-HAL-true,8-MX_SPI2_Init-SPI2-false-HAL-true,9-MX_TIM2_Init-TIM2-false-HAL-true,10-MX_TIM3_Init-TIM3-false-HAL-true,11-MX_USART1_UART_Init-USART1-false-HAL-true,12-MX_USART2_UART_Init-USART2-false-HAL-true,13-MX_USART3_UART_Init-USART3-false-HAL-true,14-MX_USB_DEVICE_Init-USB_DEVICE-false-HAL-false
RCC.ADCoutputFreq_Value=36000000
RCC.AHBFreq_Value=72000000
RCC.APB1CLKDivider=RCC_HCLK_DIV2
RCC.APB1Freq_Value=36000000
RCC.APB1TimFreq_Value=72000000
RCC.APB2Freq_Value=72000000
RCC.APB2TimFreq_Value=72000000
RCC.CECFreq_Value=32786.88524590164
RCC.CortexFreq_Value=72000000
RCC.FCLKCortexFreq_Value=72000000
RCC.FamilyName=M
RCC.HCLKFreq_Value=72000000
RCC.HSEPLLFreq_Value=8000000
RCC.HSE_VALUE=8000000
RCC.HSICECFreq_Value=32786.88524590164
RCC.HSIPLLFreq_Value=4000000
RCC.HSI_VALUE=8000000
RCC.I2C1Freq_Value=8000000
RCC.I2CFreq_Value=8000000
RCC.IPParameters=ADCoutputFreq_Value,AHBFreq_Value,APB1CLKDivider,APB1Freq_Value,APB1TimFreq_Value,APB2Freq_Value,APB2TimFreq_Value,CECFreq_Value,CortexFreq_Value,FCLKCortexFreq_Value,FamilyName,HCLKFreq_Value,HSEPLLFreq_Value,HSE_VALUE,HSICECFreq_Value,HSIPLLFreq_Value,HSI_VALUE,I2C1Freq_Value,I2CFreq_Value,LSE_VALUE,LSI_VALUE,MCOFreq_Value,PLLCLKFreq_Value,PLLMCOFreq_Value,PLLMUL,PRESCALERUSB,PWRFreq_Value,RTCFreq_Value,RTCHSEDivFreq_Value,SDADCPresc,SDADCoutputFreq_Value,SYSCLKFreq_VALUE,SYSCLKSource,TIM2Freq_Value,USART1Freq_Value,USART2Freq_Value,USART3Freq_Value,USBFreq_Value,VCOOutput2Freq_Value
RCC.LSE_VALUE=32768
RCC.LSI_VALUE=40000
RCC.MCOFreq_Value=72000000
RCC.PLLCLKFreq_Value=72000000
RCC.PLLMCOFreq_Value=36000000
RCC.PLLMUL=RCC_PLL_MUL9
RCC.PRESCALERUSB=RCC_USBCLKSOURCE_PLL_DIV1_5
RCC.PWRFreq_Value=72000000
RCC.RTCFreq_Value=40000
RCC.RTCHSEDivFreq_Value=250000
RCC.SDADCPresc=RCC_SDADCSYSCLK_DIV12
RCC.SDADCoutputFreq_Value=6000000
RCC.SYSCLKFreq_VALUE=72000000
RCC.SYSCLKSource=RCC_SYSCLKSOURCE_PLLCLK
RCC.TIM2Freq_Value=72000000
RCC.USART1Freq_Value=72000000
RCC.USART2Freq_Value=36000000
RCC.USART3Freq_Value=36000000
RCC.USBFreq_Value=48000000
RCC.VCOOutput2Freq_Value=8000000
SDADC1.CommonMode0=SDADC_COMMON_MODE_VSSA
SDADC1.ContinuousMode=SDADC_CONTINUOUS_CONV_ON
SDADC1.EnableRegularconversion=ENABLE
SDADC1.FastConversionMode=SDADC_FAST_CONV_ENABLE
SDADC1.IPParameters=NbrOfConversionFlag,InputMode0,CommonMode0,EnableRegularconversion,ContinuousMode,FastConversionMode
SDADC1.InputMode0=SDADC_INPUT_MODE_SE_ZERO_REFERENCE
SDADC1.NbrOfConversionFlag=1
SH.GPXTI15.0=GPIO_EXTI15
SH.GPXTI15.ConfNb=1
SH.S_TIM12_CH1.0=TIM12_CH1,Output Compare1 CH1
SH.S_TIM12_CH1.ConfNb=1
SH.S_TIM2_CH1_ETR.0=TIM2_CH1,PWM Generation1 CH1
SH.S_TIM2_CH1_ETR.ConfNb=1
SH.S_TIM2_CH2.0=TIM2_CH2,PWM Generation2 CH2
SH.S_TIM2_CH2.ConfNb=1
SH.S_TIM2_CH3.0=TIM2_CH3,PWM Generation3 CH3
SH.S_TIM2_CH3.ConfNb=1
SH.S_TIM2_CH4.0=TIM2_CH4,PWM Generation4 CH4
SH.S_TIM2_CH4.ConfNb=1
SH.S_TIM3_CH1.0=TIM3_CH1,Encoder_Interface
SH.S_TIM3_CH1.ConfNb=1
SH.S_TIM3_CH2.0=TIM3_CH2,Encoder_Interface
SH.S_TIM3_CH2.ConfNb=1
SH.S_TIM5_CH1_ETR.0=TIM5_CH1,PWM Generation1 CH1
SH.S_TIM5_CH1_ETR.ConfNb=1
SH.S_TIM5_CH2.0=TIM5_CH2,PWM Generation2 CH2
SH.S_TIM5_CH2.ConfNb=1
SH.S_TIM5_CH3.0=TIM5_CH3,PWM Generation3 CH3
SH.S_TIM5_CH3.ConfNb=1
SH.S_TIM5_CH4.0=TIM5_CH4,PWM Generation4 CH4
SH.S_TIM5_CH4.ConfNb=1
SPI2.CalculateBaudRate=18.0 MBits/s
SPI2.Direction=SPI_DIRECTION_2LINES
SPI2.IPParameters=VirtualType,Mode,Direction,CalculateBaudRate
SPI2.Mode=SPI_MODE_MASTER
SPI2.VirtualType=VM_MASTER
TIM12.Channel-Output\ Compare1\ CH1=TIM_CHANNEL_1
TIM12.IPParameters=Channel-Output Compare1 CH1
TIM2.Channel-PWM\ Generation1\ CH1=TIM_CHANNEL_1
TIM2.Channel-PWM\ Generation2\ CH2=TIM_CHANNEL_2
TIM2.Channel-PWM\ Generation3\ CH3=TIM_CHANNEL_3
TIM2.Channel-PWM\ Generation4\ CH4=TIM_CHANNEL_4
TIM2.IPParameters=Channel-PWM Generation1 CH1,Channel-PWM Generation2 CH2,Channel-PWM Generation3 CH3,Channel-PWM Generation4 CH4
TIM5.Channel-PWM\ Generation1\ CH1=TIM_CHANNEL_1
TIM5.Channel-PWM\ Generation2\ CH2=TIM_CHANNEL_2
TIM5.Channel-PWM\ Generation3\ CH3=TIM_CHANNEL_3
TIM5.Channel-PWM\ Generation4\ CH4=TIM_CHANNEL_4
TIM5.IPParameters=Channel-PWM Generation1 CH1,Channel-PWM Generation2 CH2,Channel-PWM Generation3 CH3,Channel-PWM Generation4 CH4
USART1.BaudRate=115200
USART1.IPParameters=VirtualMode-Half_duplex(single_wire_mode),BaudRate
USART1.VirtualMode-Half_duplex(single_wire_mode)=VM_ASYNC
USART2.BaudRate=115200
USART2.IPParameters=VirtualMode-Asynchronous,BaudRate
USART2.VirtualMode-Asynchronous=VM_ASYNC
USART3.BaudRate=250000
USART3.IPParameters=VirtualMode-Asynchronous,BaudRate,Parity
USART3.Parity=PARITY_ODD
USART3.VirtualMode-Asynchronous=VM_ASYNC
USB_DEVICE.CLASS_NAME_FS=CDC
USB_DEVICE.IPParameters=VirtualMode,VirtualModeFS,CLASS_NAME_FS,USBD_DEBUG_LEVEL
USB_DEVICE.USBD_DEBUG_LEVEL=3
USB_DEVICE.VirtualMode=Cdc
USB_DEVICE.VirtualModeFS=Cdc_FS
VP_SDADC1_CONF0.Mode=ConfigZero
VP_SDADC1_CONF0.Signal=SDADC1_CONF0
VP_SYS_VS_Systick.Mode=SysTick
VP_SYS_VS_Systick.Signal=SYS_VS_Systick
VP_TIM2_VS_ClockSourceINT.Mode=Internal
VP_TIM2_VS_ClockSourceINT.Signal=TIM2_VS_ClockSourceINT
VP_TIM5_VS_ClockSourceINT.Mode=Internal
VP_TIM5_VS_ClockSourceINT.Signal=TIM5_VS_ClockSourceINT
VP_USB_DEVICE_VS_USB_DEVICE_CDC_FS.Mode=CDC_FS
VP_USB_DEVICE_VS_USB_DEVICE_CDC_FS.Signal=USB_DEVICE_VS_USB_DEVICE_CDC_FS
board=custom
isbadioc=true
